<?xml version="1.0" encoding="utf-8"?>
<Project ToolsVersion="4.0" xmlns="http://schemas.microsoft.com/developer/msbuild/2003">
  <ItemGroup>
    <Filter Include="Source Files">
      <UniqueIdentifier>{4FC737F1-C7A5-4376-A066-2A32D752A2FF}</UniqueIdentifier>
      <Extensions>qml;cpp;c;cc;cxx;def;odl;idl;hpj;bat;asm;asmx</Extensions>
    </Filter>
    <Filter Include="Header Files">
      <UniqueIdentifier>{93995380-89BD-4b04-88EB-625FBE52EBFB}</UniqueIdentifier>
      <Extensions>h;hh;hpp;hxx;hm;inl;inc;xsd</Extensions>
    </Filter>
    <Filter Include="Resource Files">
      <UniqueIdentifier>{67DA6AB6-F800-4c08-8B7A-83BB121AAD01}</UniqueIdentifier>
      <Extensions>qrc;rc;ico;cur;bmp;dlg;rc2;rct;bin;rgs;gif;jpg;jpeg;jpe;resx;tiff;tif;png;wav;mfcribbon-ms</Extensions>
    </Filter>
    <Filter Include="Form Files">
      <UniqueIdentifier>{99349809-55BA-4b9d-BF79-8FDBB0286EB3}</UniqueIdentifier>
      <Extensions>ui</Extensions>
    </Filter>
    <Filter Include="Translation Files">
      <UniqueIdentifier>{639EADAA-A684-42e4-A9AD-28FC9BCB8F7C}</UniqueIdentifier>
      <Extensions>ts</Extensions>
    </Filter>
  </ItemGroup>
  <ItemGroup>
    <QtRcc Include="TimeTableQt.qrc">
      <Filter>Resource Files</Filter>
    </QtRcc>
  </ItemGroup>
  <ItemGroup>
    <ClCompile Include="CSVEditor.cpp">
      <Filter>Source Files</Filter>
    </ClCompile>
    <ClCompile Include="Timetable.cpp">
      <Filter>Source Files</Filter>
    </ClCompile>
    <ClCompile Include="Lesson.cpp">
      <Filter>Source Files</Filter>
    </ClCompile>
    <ClCompile Include="main.cpp">
      <Filter>Source Files</Filter>
    </ClCompile>
    <ClCompile Include="include.cpp">
      <Filter>Source Files</Filter>
    </ClCompile>
    <ClCompile Include="BasicWindow.cpp">
      <Filter>Source Files</Filter>
    </ClCompile>
    <ClCompile Include="UIElementBase.cpp">
      <Filter>Source Files</Filter>
    </ClCompile>
    <ClCompile Include="MainWindow.cpp">
      <Filter>Source Files</Filter>
    </ClCompile>
    <ClCompile Include="SubWindow.cpp">
      <Filter>Source Files</Filter>
    </ClCompile>
    <ClCompile Include="Settings_New.cpp">
      <Filter>Source Files</Filter>
    </ClCompile>
    <ClCompile Include="SingleItemUIElementBase.cpp">
      <Filter>Source Files</Filter>
    </ClCompile>
    <ClCompile Include="MultiItemInOrderUIElementBase.cpp">
      <Filter>Source Files</Filter>
    </ClCompile>
    <ClCompile Include="MultiItemAllDisplayUIElementBase.cpp">
      <Filter>Source Files</Filter>
    </ClCompile>
    <ClCompile Include="SingleTextItem.cpp">
      <Filter>Source Files</Filter>
    </ClCompile>
    <ClCompile Include="MultiTextItem.cpp">
      <Filter>Source Files</Filter>
    </ClCompile>
    <ClCompile Include="EmptyUIElement.cpp">
      <Filter>Source Files</Filter>
    </ClCompile>
    <ClCompile Include="EditUIElements.cpp">
      <Filter>Source Files</Filter>
    </ClCompile>
    <ClCompile Include="importfromfile.cpp">
      <Filter>Source Files</Filter>
    </ClCompile>
    <ClCompile Include="TodayAllLessons.cpp">
      <Filter>Source Files</Filter>
    </ClCompile>
  </ItemGroup>
  <ItemGroup>
    <None Include="config.json" />
    <None Include="Lessons.json" />
    <None Include="README.md" />
    <None Include="TimeTable-Qt.pro" />
    <None Include="TimeTable-Qt.pri" />
    <None Include="TimeTable-Qt-Make-Setup.iss" />
  </ItemGroup>
  <ItemGroup>
    <ClInclude Include="CSVEditor.h">
      <Filter>Header Files</Filter>
    </ClInclude>
    <ClInclude Include="Lesson.h">
      <Filter>Header Files</Filter>
    </ClInclude>
    <ClInclude Include="Timetable.h">
      <Filter>Header Files</Filter>
    </ClInclude>
    <ClInclude Include="include.h">
      <Filter>Header Files</Filter>
    </ClInclude>
    <ClInclude Include="UIElementBase.h">
      <Filter>Header Files</Filter>
    </ClInclude>
    <ClInclude Include="SingleItemUIElementBase.h">
      <Filter>Header Files</Filter>
    </ClInclude>
    <ClInclude Include="MultiItemInOrderUIElementBase.h">
      <Filter>Header Files</Filter>
    </ClInclude>
    <ClInclude Include="MultiItemAllDisplayUIElementBase.h">
      <Filter>Header Files</Filter>
    </ClInclude>
    <ClInclude Include="SingleTextItem.h">
      <Filter>Header Files</Filter>
    </ClInclude>
    <ClInclude Include="MultiTextItem.h">
      <Filter>Header Files</Filter>
    </ClInclude>
    <ClInclude Include="EmptyUIElement.h">
      <Filter>Header Files</Filter>
    </ClInclude>
    <ClInclude Include="TodayAllLessons.h">
      <Filter>Header Files</Filter>
    </ClInclude>
  </ItemGroup>
  <ItemGroup>
    <Image Include="small.ico">
      <Filter>Resource Files</Filter>
    </Image>
    <Image Include="TimeTable2.0.ico">
      <Filter>Resource Files</Filter>
    </Image>
    <Image Include="TimeTable.ico">
      <Filter>Resource Files</Filter>
    </Image>
    <Image Include="123.ico">
      <Filter>Resource Files</Filter>
    </Image>
  </ItemGroup>
  <ItemGroup>
    <QtMoc Include="BasicWindow.h">
      <Filter>Header Files</Filter>
    </QtMoc>
    <QtMoc Include="MainWindow.h">
      <Filter>Header Files</Filter>
    </QtMoc>
    <QtMoc Include="SubWindow.h">
      <Filter>Header Files</Filter>
    </QtMoc>
    <QtMoc Include="Settings_New.h">
      <Filter>Header Files</Filter>
    </QtMoc>
    <QtMoc Include="EditUIElements.h">
      <Filter>Header Files</Filter>
    </QtMoc>
    <QtMoc Include="importfromfile.h">
      <Filter>Header Files</Filter>
    </QtMoc>
  </ItemGroup>
  <ItemGroup>
    <QtUic Include="MainWindow.ui">
      <Filter>Form Files</Filter>
    </QtUic>
    <QtUic Include="SubWindow.ui">
      <Filter>Form Files</Filter>
    </QtUic>
    <QtUic Include="Settings_New.ui">
      <Filter>Form Files</Filter>
    </QtUic>
    <QtUic Include="EditUIElements.ui">
      <Filter>Form Files</Filter>
    </QtUic>
    <QtUic Include="importfromfile.ui">
      <Filter>Form Files</Filter>
    </QtUic>
  </ItemGroup>
  <ItemGroup>
    <ResourceCompile Include="TimeTable-Qt.rc">
      <Filter>Resource Files</Filter>
    </ResourceCompile>
  </ItemGroup>
</Project>